
Microsoft Visual Studio Solution File, Format Version 12.00
# Visual Studio Version 17
VisualStudioVersion = 17.12.35728.132 d17.12
MinimumVisualStudioVersion = 10.0.40219.1
Project("{FAE04EC0-301F-11D3-BF4B-00C04F79EFBC}") = "CarApp", "CarApp\CarApp.csproj", "{0798F2A2-21CA-4C7E-A863-30E29AB2718C}"
EndProject
Global
	GlobalSection(SolutionConfigurationPlatforms) = preSolution
		Debug|Any CPU = Debug|Any CPU
		Release|Any CPU = Release|Any CPU
	EndGlobalSection
	GlobalSection(ProjectConfigurationPlatforms) = postSolution
		{0798F2A2-21CA-4C7E-A863-30E29AB2718C}.Debug|Any CPU.ActiveCfg = Debug|Any CPU
		{0798F2A2-21CA-4C7E-A863-30E29AB2718C}.Debug|Any CPU.Build.0 = Debug|Any CPU
		{0798F2A2-21CA-4C7E-A863-30E29AB2718C}.Release|Any CPU.ActiveCfg = Release|Any CPU
		{0798F2A2-21CA-4C7E-A863-30E29AB2718C}.Release|Any CPU.Build.0 = Release|Any CPU
	EndGlobalSection
	GlobalSection(SolutionProperties) = preSolution
		HideSolutionNode = FALSE
	EndGlobalSection
EndGlobal
